
Microsoft Visual Studio Solution File, Format Version 12.00
#
Project("{F2A71F9B-5D33-465A-A702-920D77279786}") = "WoofWare.PawPrint", "WoofWare.PawPrint\WoofWare.PawPrint.fsproj", "{505F34FE-76ED-4E17-BDE4-C8A59848A4A3}"
EndProject
Project("{F2A71F9B-5D33-465A-A702-920D77279786}") = "WoofWare.PawPrint.App", "WoofWare.PawPrint.App\WoofWare.PawPrint.App.fsproj", "{D661BF46-97C1-458B-838B-77ED0378A1A9}"
EndProject
Project("{F2A71F9B-5D33-465A-A702-920D77279786}") = "WoofWare.PawPrint.Test", "WoofWare.PawPrint.Test\WoofWare.PawPrint.Test.fsproj", "{486548FC-E4CC-491E-98B9-D43AEB304C25}"
EndProject
Project("{F2A71F9B-5D33-465A-A702-920D77279786}") = "HelloWorld", "HelloWorld\HelloWorld.fsproj", "{E74D79B2-1C4D-4B21-BECB-83D361D54C02}"
EndProject
Global
	GlobalSection(SolutionConfigurationPlatforms) = preSolution
		Debug|Any CPU = Debug|Any CPU
		Release|Any CPU = Release|Any CPU
	EndGlobalSection
	GlobalSection(ProjectConfigurationPlatforms) = postSolution
		{505F34FE-76ED-4E17-BDE4-C8A59848A4A3}.Debug|Any CPU.ActiveCfg = Debug|Any CPU
		{505F34FE-76ED-4E17-BDE4-C8A59848A4A3}.Debug|Any CPU.Build.0 = Debug|Any CPU
		{505F34FE-76ED-4E17-BDE4-C8A59848A4A3}.Release|Any CPU.ActiveCfg = Release|Any CPU
		{505F34FE-76ED-4E17-BDE4-C8A59848A4A3}.Release|Any CPU.Build.0 = Release|Any CPU
		{D661BF46-97C1-458B-838B-77ED0378A1A9}.Debug|Any CPU.ActiveCfg = Debug|Any CPU
		{D661BF46-97C1-458B-838B-77ED0378A1A9}.Debug|Any CPU.Build.0 = Debug|Any CPU
		{D661BF46-97C1-458B-838B-77ED0378A1A9}.Release|Any CPU.ActiveCfg = Release|Any CPU
		{D661BF46-97C1-458B-838B-77ED0378A1A9}.Release|Any CPU.Build.0 = Release|Any CPU
		{486548FC-E4CC-491E-98B9-D43AEB304C25}.Debug|Any CPU.ActiveCfg = Debug|Any CPU
		{486548FC-E4CC-491E-98B9-D43AEB304C25}.Debug|Any CPU.Build.0 = Debug|Any CPU
		{486548FC-E4CC-491E-98B9-D43AEB304C25}.Release|Any CPU.ActiveCfg = Release|Any CPU
		{486548FC-E4CC-491E-98B9-D43AEB304C25}.Release|Any CPU.Build.0 = Release|Any CPU
		{E74D79B2-1C4D-4B21-BECB-83D361D54C02}.Debug|Any CPU.ActiveCfg = Debug|Any CPU
		{E74D79B2-1C4D-4B21-BECB-83D361D54C02}.Debug|Any CPU.Build.0 = Debug|Any CPU
		{E74D79B2-1C4D-4B21-BECB-83D361D54C02}.Release|Any CPU.ActiveCfg = Release|Any CPU
		{E74D79B2-1C4D-4B21-BECB-83D361D54C02}.Release|Any CPU.Build.0 = Release|Any CPU
	EndGlobalSection
EndGlobal
